# THIS IS AN AUTOGENERATED FILE. DO NOT EDIT THIS FILE DIRECTLY.
# yarn lockfile v1


argparse@^1.0.7:
  version "1.0.10"
  resolved "https://registry.yarnpkg.com/argparse/-/argparse-1.0.10.tgz#bcd6791ea5ae09725e17e5ad988134cd40b3d911"
  integrity sha512-o5Roy6tNG4SL/FOkCAN6RzjiakZS25RLYFrcMttJqbdd8BWrnA+fGz57iN5Pb06pvBGvl5gQ0B48dJlslXvoTg==
  dependencies:
    sprintf-js "~1.0.2"

asciimath-to-latex@^0.3.2:
  version "0.3.2"
  resolved "https://registry.yarnpkg.com/asciimath-to-latex/-/asciimath-to-latex-0.3.2.tgz#1f6e6b36ccc11e3de0ceeffa3dce16483ec28b4e"
  integrity sha1-H25rNszBHj3gzu/6Pc4WSD7Ci04=

d3@3.5.17:
  version "3.5.17"
  resolved "https://registry.yarnpkg.com/d3/-/d3-3.5.17.tgz#bc46748004378b21a360c9fc7cf5231790762fb8"
  integrity sha1-vEZ0gAQ3iyGjYMn8fPUjF5B2L7g=

dagre-d3-renderer@^0.4.25:
  version "0.4.26"
  resolved "https://registry.yarnpkg.com/dagre-d3-renderer/-/dagre-d3-renderer-0.4.26.tgz#648a491209b853ae96ddf3fea41a1f104479a5a1"
  integrity sha512-vOWj1uA4/APTrfDyfHaH/xpfXhPh9rszW+HOaEwPCeA6Afl06Lobfh7OpESuVMQW2QGuY4UQ7pte/p0WhdDs7w==
  dependencies:
    d3 "3.5.17"
    dagre-layout "^0.8.0"
    graphlib "^2.1.1"
    lodash "^4.17.4"

dagre-layout@^0.8.0:
  version "0.8.8"
  resolved "https://registry.yarnpkg.com/dagre-layout/-/dagre-layout-0.8.8.tgz#9b6792f24229f402441c14162c1049e3f261f6d9"
  integrity sha512-ZNV15T9za7X+fV8Z07IZquUKugCxm5owoiPPxfEx6OJRD331nkiIaF3vSt0JEY5FkrY0KfRQxcpQ3SpXB7pLPQ==
  dependencies:
    graphlibrary "^2.2.0"
    lodash "^4.17.5"

entities@~1.1.1:
  version "1.1.2"
  resolved "https://registry.yarnpkg.com/entities/-/entities-1.1.2.tgz#bdfa735299664dfafd34529ed4f8522a275fea56"
  integrity sha512-f2LZMYl1Fzu7YSBKg+RoROelpOaNrcGmE9AZubeDfrCEia483oW4MI4VyFd5VNHIgQ/7qm1I0wUHK1eJnn2y2w==

graphlib@^2.1.1:
  version "2.1.7"
  resolved "https://registry.yarnpkg.com/graphlib/-/graphlib-2.1.7.tgz#b6a69f9f44bd9de3963ce6804a2fc9e73d86aecc"
  integrity sha512-TyI9jIy2J4j0qgPmOOrHTCtpPqJGN/aurBwc6ZT+bRii+di1I+Wv3obRhVrmBEXet+qkMaEX67dXrwsd3QQM6w==
  dependencies:
    lodash "^4.17.5"

graphlibrary@^2.2.0:
  version "2.2.0"
  resolved "https://registry.yarnpkg.com/graphlibrary/-/graphlibrary-2.2.0.tgz#017a14899775228dec4497a39babfdd6bf56eac6"
  integrity sha512-XTcvT55L8u4MBZrM37zXoUxsgxs/7sow7YSygd9CIwfWTVO8RVu7AYXhhCiTuFEf+APKgx6Jk4SuQbYR0vYKmQ==
  dependencies:
    lodash "^4.17.5"

he@^1.1.1:
  version "1.2.0"
  resolved "https://registry.yarnpkg.com/he/-/he-1.2.0.tgz#84ae65fa7eafb165fddb61566ae14baf05664f0f"
  integrity sha512-F/1DnUGPopORZi0ni+CvrCgHQ5FyEAHRLSApuYWMmrbSwoN2Mn/7k+Gl38gJnR7yyDZk6WLXwiGod1JOWNDKGw==

highlight.js@^9.15.6:
  version "9.15.6"
  resolved "https://registry.yarnpkg.com/highlight.js/-/highlight.js-9.15.6.tgz#72d4d8d779ec066af9a17cb14360c3def0aa57c4"
  integrity sha512-zozTAWM1D6sozHo8kqhfYgsac+B+q0PmsjXeyDrYIHHcBN0zTVT66+s2GW1GZv7DbyaROdLXKdabwS/WqPyIdQ==

katex@^0.9.0-alpha2:
  version "0.9.0"
  resolved "https://registry.yarnpkg.com/katex/-/katex-0.9.0.tgz#26a7d082c21d53725422d2d71da9b2d8455fbd4a"
  integrity sha512-lp3x90LT1tDZBW2tjLheJ98wmRMRjUHwk4QpaswT9bhqoQZ+XA4cPcjcQBxgOQNwaOSt6ZeL/a6GKQ1of3LFxQ==
  dependencies:
    match-at "^0.1.1"

linkify-it@^2.0.0:
  version "2.1.0"
  resolved "https://registry.yarnpkg.com/linkify-it/-/linkify-it-2.1.0.tgz#c4caf38a6cd7ac2212ef3c7d2bde30a91561f9db"
  integrity sha512-4REs8/062kV2DSHxNfq5183zrqXMl7WP0WzABH9IeJI+NLm429FgE1PDecltYfnOoFDFlZGh2T8PfZn0r+GTRg==
  dependencies:
    uc.micro "^1.0.1"

lodash@^4.17.4, lodash@^4.17.5:
  version "4.17.11"
  resolved "https://registry.yarnpkg.com/lodash/-/lodash-4.17.11.tgz#b39ea6229ef607ecd89e2c8df12536891cac9b8d"
  integrity sha512-cQKh8igo5QUhZ7lg38DYWAxMvjSAKG0A8wGSVimP07SIUEK2UO+arSRKbRZWtelMtN5V0Hkwh5ryOto/SshYIg==

markdown-it-container@^2.0.0:
  version "2.0.0"
  resolved "https://registry.yarnpkg.com/markdown-it-container/-/markdown-it-container-2.0.0.tgz#0019b43fd02eefece2f1960a2895fba81a404695"
  integrity sha1-ABm0P9Au7+zi8ZYKKJX7qBpARpU=

markdown-it-emoji@^1.4.0:
  version "1.4.0"
  resolved "https://registry.yarnpkg.com/markdown-it-emoji/-/markdown-it-emoji-1.4.0.tgz#9bee0e9a990a963ba96df6980c4fddb05dfb4dcc"
  integrity sha1-m+4OmpkKljupbfaYDE/dsF37Tcw=

markdown-it-ins@^2.0.0:
  version "2.0.0"
  resolved "https://registry.yarnpkg.com/markdown-it-ins/-/markdown-it-ins-2.0.0.tgz#a5aa6a30f1e2f71e9497567cfdff40f1fde67483"
  integrity sha1-papqMPHi9x6Ul1Z8/f9A8f3mdIM=

markdown-it-latex@^0.2.0:
  version "0.2.0"
  resolved "https://registry.yarnpkg.com/markdown-it-latex/-/markdown-it-latex-0.2.0.tgz#b7421ddb8ecfdb65f4428b50691c1308e18ab2f0"
  integrity sha512-vCaS6Dws9faA8lZel7Slfa1IYEnbYOjHzian/tDBulONBS+f9vRkFfQ4S0eFnTGtDTTXqE7zAnoezkv18b9IIA==
  dependencies:
    asciimath-to-latex "^0.3.2"
    katex "^0.9.0-alpha2"

markdown-it-mark@^2.0.0:
  version "2.0.0"
  resolved "https://registry.yarnpkg.com/markdown-it-mark/-/markdown-it-mark-2.0.0.tgz#46a1aa947105aed8188978e0a016179e404f42c7"
  integrity sha1-RqGqlHEFrtgYiXjgoBYXnkBPQsc=

markdown-it-mermaid@^0.2.5:
  version "0.2.5"
  resolved "https://registry.yarnpkg.com/markdown-it-mermaid/-/markdown-it-mermaid-0.2.5.tgz#aa6e488a5f4ab2006b4a63e22f315683495c1877"
  integrity sha512-ZUTFRX+cXEtWmn/9LMlpVklPJiDrHPWyHE/wamC2wm0Ojh1qOcuKWfWW3BqP83+7w6C59rS7M3OrGTs/u9mQTA==
  dependencies:
    mermaid "^7.1.2"

markdown-it-source-map@^0.1.1:
  version "0.1.1"
  resolved "https://registry.yarnpkg.com/markdown-it-source-map/-/markdown-it-source-map-0.1.1.tgz#8d8c3eab35ed1eb5399ec71814a4b435e275556f"
  integrity sha1-jYw+qzXtHrU5nscYFKS0NeJ1VW8=

markdown-it-sub@^1.0.0:
  version "1.0.0"
  resolved "https://registry.yarnpkg.com/markdown-it-sub/-/markdown-it-sub-1.0.0.tgz#375fd6026eae7ddcb012497f6411195ea1e3afe8"
  integrity sha1-N1/WAm6ufdywEkl/ZBEZXqHjr+g=

markdown-it-sup@^1.0.0:
  version "1.0.0"
  resolved "https://registry.yarnpkg.com/markdown-it-sup/-/markdown-it-sup-1.0.0.tgz#cb9c9ff91a5255ac08f3fd3d63286e15df0a1fc3"
  integrity sha1-y5yf+RpSVawI8/09YyhuFd8KH8M=

markdown-it-task-list@^0.1.2:
  version "0.1.2"
  resolved "https://registry.yarnpkg.com/markdown-it-task-list/-/markdown-it-task-list-0.1.2.tgz#226cc00bfed82cc635c8feecd39eecba6accafcc"
  integrity sha1-ImzAC/7YLMY1yP7s057sumrMr8w=

markdown-it@^8.4.2:
  version "8.4.2"
  resolved "https://registry.yarnpkg.com/markdown-it/-/markdown-it-8.4.2.tgz#386f98998dc15a37722aa7722084f4020bdd9b54"
  integrity sha512-GcRz3AWTqSUphY3vsUqQSFMbgR38a4Lh3GWlHRh/7MRwz8mcu9n2IO7HOh+bXHrR9kOPDl5RNCaEsrneb+xhHQ==
  dependencies:
    argparse "^1.0.7"
    entities "~1.1.1"
    linkify-it "^2.0.0"
    mdurl "^1.0.1"
    uc.micro "^1.0.5"

match-at@^0.1.1:
  version "0.1.1"
  resolved "https://registry.yarnpkg.com/match-at/-/match-at-0.1.1.tgz#25d040d291777704d5e6556bbb79230ec2de0540"
  integrity sha512-h4Yd392z9mST+dzc+yjuybOGFNOZjmXIPKWjxBd1Bb23r4SmDOsk2NYCU2BMUBGbSpZqwVsZYNq26QS3xfaT3Q==

mdurl@^1.0.1:
  version "1.0.1"
  resolved "https://registry.yarnpkg.com/mdurl/-/mdurl-1.0.1.tgz#fe85b2ec75a59037f2adfec100fd6c601761152e"
  integrity sha1-/oWy7HWlkDfyrf7BAP1sYBdhFS4=

mermaid@^7.1.2:
  version "7.1.2"
  resolved "https://registry.yarnpkg.com/mermaid/-/mermaid-7.1.2.tgz#6265728156c2e0891e004cba60a44022174487ad"
  integrity sha512-bDLu3fQuf3/R0fNkNzB0GTaF7+6SxnZpfTs9DVQF1ougsuP23MBzvEIGfL0ML8zeyg7+J2D+0AaoLVhskW5ulw==
  dependencies:
    d3 "3.5.17"
    dagre-d3-renderer "^0.4.25"
    dagre-layout "^0.8.0"
    he "^1.1.1"
    lodash "^4.17.4"
    moment "^2.20.1"

moment@^2.20.1:
  version "2.24.0"
  resolved "https://registry.yarnpkg.com/moment/-/moment-2.24.0.tgz#0d055d53f5052aa653c9f6eb68bb5d12bf5c2b5b"
  integrity sha512-bV7f+6l2QigeBBZSM/6yTNq4P2fNpSWj/0e7jQcy87A8e7o2nAfP/34/2ky5Vw4B9S446EtIhodAzkFCcR4dQg==

sprintf-js@~1.0.2:
  version "1.0.3"
  resolved "https://registry.yarnpkg.com/sprintf-js/-/sprintf-js-1.0.3.tgz#04e6926f662895354f3dd015203633b857297e2c"
  integrity sha1-BOaSb2YolTVPPdAVIDYzuFcpfiw=

typescript@^3.4.3:
  version "3.4.3"
  resolved "https://registry.yarnpkg.com/typescript/-/typescript-3.4.3.tgz#0eb320e4ace9b10eadf5bc6103286b0f8b7c224f"
  integrity sha512-FFgHdPt4T/duxx6Ndf7hwgMZZjZpB+U0nMNGVCYPq0rEzWKjEDobm4J6yb3CS7naZ0yURFqdw9Gwc7UOh/P9oQ==

uc.micro@^1.0.1, uc.micro@^1.0.5:
  version "1.0.6"
  resolved "https://registry.yarnpkg.com/uc.micro/-/uc.micro-1.0.6.tgz#9c411a802a409a91fc6cf74081baba34b24499ac"
  integrity sha512-8Y75pvTYkLJW2hWQHXxoqRgV7qb9B+9vFEtidML+7koHUFapnVJAZ6cKs+Qjz5Aw3aZWHMC6u0wJE3At+nSGwA==
